
Microsoft Visual Studio Solution File, Format Version 12.00
# Visual Studio 15
VisualStudioVersion = 15.0.27703.2042
MinimumVisualStudioVersion = 10.0.40219.1
Project("{FAE04EC0-301F-11D3-BF4B-00C04F79EFBC}") = "Duplicate-File-Finder", "Duplicate-File-Finder\Duplicate-File-Finder.csproj", "{FE18BDAF-9F86-45A3-89EA-982FEC5E2030}"
EndProject
Project("{2150E333-8FDC-42A3-9474-1A3956D46DE8}") = "Solution Items", "Solution Items", "{6D9AC309-940C-4852-B7E0-B5F41740CFB9}"
	ProjectSection(SolutionItems) = preProject
		..\..\..\Visual Studio 2017\Projects\DuplicateFileLocator\DuplicateFileLocator\CodeFile1.cs = ..\..\..\Visual Studio 2017\Projects\DuplicateFileLocator\DuplicateFileLocator\CodeFile1.cs
		..\..\..\Visual Studio 2017\Projects\DuplicateFileLocator\DuplicateFileLocator\DrivesInfor.cs = ..\..\..\Visual Studio 2017\Projects\DuplicateFileLocator\DuplicateFileLocator\DrivesInfor.cs
		..\..\..\Visual Studio 2017\Projects\DuplicateFileLocator\DuplicateFileLocator\ProgramDrives.cs = ..\..\..\Visual Studio 2017\Projects\DuplicateFileLocator\DuplicateFileLocator\ProgramDrives.cs
		..\..\..\Visual Studio 2017\Projects\DuplicateFileLocator\DuplicateFileLocator\ProgramFiles.cs = ..\..\..\Visual Studio 2017\Projects\DuplicateFileLocator\DuplicateFileLocator\ProgramFiles.cs
		..\..\..\Visual Studio 2017\Projects\DuplicateFileLocator\DuplicateFileLocator\SQLCommands.cs = ..\..\..\Visual Studio 2017\Projects\DuplicateFileLocator\DuplicateFileLocator\SQLCommands.cs
		..\..\..\Visual Studio 2017\Projects\DuplicateFileLocator\DuplicateFileLocator\SubdirectoryFinder.cs = ..\..\..\Visual Studio 2017\Projects\DuplicateFileLocator\DuplicateFileLocator\SubdirectoryFinder.cs
		..\..\..\Visual Studio 2017\Projects\DuplicateFileLocator\DuplicateFileLocator\TryThis.cs = ..\..\..\Visual Studio 2017\Projects\DuplicateFileLocator\DuplicateFileLocator\TryThis.cs
	EndProjectSection
EndProject
Global
	GlobalSection(SolutionConfigurationPlatforms) = preSolution
		Debug|Any CPU = Debug|Any CPU
		Release|Any CPU = Release|Any CPU
	EndGlobalSection
	GlobalSection(ProjectConfigurationPlatforms) = postSolution
		{FE18BDAF-9F86-45A3-89EA-982FEC5E2030}.Debug|Any CPU.ActiveCfg = Debug|Any CPU
		{FE18BDAF-9F86-45A3-89EA-982FEC5E2030}.Debug|Any CPU.Build.0 = Debug|Any CPU
		{FE18BDAF-9F86-45A3-89EA-982FEC5E2030}.Release|Any CPU.ActiveCfg = Release|Any CPU
		{FE18BDAF-9F86-45A3-89EA-982FEC5E2030}.Release|Any CPU.Build.0 = Release|Any CPU
	EndGlobalSection
	GlobalSection(SolutionProperties) = preSolution
		HideSolutionNode = FALSE
	EndGlobalSection
	GlobalSection(ExtensibilityGlobals) = postSolution
		SolutionGuid = {BE5F7845-EE5E-4209-BAC6-E139D705EA59}
	EndGlobalSection
EndGlobal
